
Microsoft Visual Studio Solution File, Format Version 12.00
# Visual Studio Version 16
VisualStudioVersion = 16.0.30804.86
MinimumVisualStudioVersion = 10.0.40219.1
Project("{FAE04EC0-301F-11D3-BF4B-00C04F79EFBC}") = "MvcBasic", "MvcBasic\MvcBasic.csproj", "{BAF80F47-99C4-4BA0-AF5C-A36034C750B0}"
EndProject
Global
	GlobalSection(SolutionConfigurationPlatforms) = preSolution
		Debug|Any CPU = Debug|Any CPU
		Release|Any CPU = Release|Any CPU
	EndGlobalSection
	GlobalSection(ProjectConfigurationPlatforms) = postSolution
		{BAF80F47-99C4-4BA0-AF5C-A36034C750B0}.Debug|Any CPU.ActiveCfg = Debug|Any CPU
		{BAF80F47-99C4-4BA0-AF5C-A36034C750B0}.Debug|Any CPU.Build.0 = Debug|Any CPU
		{BAF80F47-99C4-4BA0-AF5C-A36034C750B0}.Release|Any CPU.ActiveCfg = Release|Any CPU
		{BAF80F47-99C4-4BA0-AF5C-A36034C750B0}.Release|Any CPU.Build.0 = Release|Any CPU
	EndGlobalSection
	GlobalSection(SolutionProperties) = preSolution
		HideSolutionNode = FALSE
	EndGlobalSection
	GlobalSection(ExtensibilityGlobals) = postSolution
		SolutionGuid = {22FC4564-041B-4479-A6B8-E143AEF1FDDA}
	EndGlobalSection
EndGlobal
